
Microsoft Visual Studio Solution File, Format Version 12.00
# Visual Studio Version 17
VisualStudioVersion = 17.1.32319.34
MinimumVisualStudioVersion = 10.0.40219.1
Project("{FAE04EC0-301F-11D3-BF4B-00C04F79EFBC}") = "Web", "ProjeDeneme\Web.csproj", "{0C0C86AF-00C1-4305-B846-5F686A8E663C}"
EndProject
Project("{FAE04EC0-301F-11D3-BF4B-00C04F79EFBC}") = "Veritabani", "Veritabani\Veritabani.csproj", "{0CAA43B3-5B99-4C1C-BBDF-1F0C6AAB6B49}"
EndProject
Project("{FAE04EC0-301F-11D3-BF4B-00C04F79EFBC}") = "WebApi", "WebApi\WebApi.csproj", "{03A5D2C2-75DF-4884-B9B9-89CC778795D1}"
EndProject
Global
	GlobalSection(SolutionConfigurationPlatforms) = preSolution
		Debug|Any CPU = Debug|Any CPU
		Release|Any CPU = Release|Any CPU
	EndGlobalSection
	GlobalSection(ProjectConfigurationPlatforms) = postSolution
		{0C0C86AF-00C1-4305-B846-5F686A8E663C}.Debug|Any CPU.ActiveCfg = Debug|Any CPU
		{0C0C86AF-00C1-4305-B846-5F686A8E663C}.Debug|Any CPU.Build.0 = Debug|Any CPU
		{0C0C86AF-00C1-4305-B846-5F686A8E663C}.Release|Any CPU.ActiveCfg = Release|Any CPU
		{0C0C86AF-00C1-4305-B846-5F686A8E663C}.Release|Any CPU.Build.0 = Release|Any CPU
		{0CAA43B3-5B99-4C1C-BBDF-1F0C6AAB6B49}.Debug|Any CPU.ActiveCfg = Debug|Any CPU
		{0CAA43B3-5B99-4C1C-BBDF-1F0C6AAB6B49}.Debug|Any CPU.Build.0 = Debug|Any CPU
		{0CAA43B3-5B99-4C1C-BBDF-1F0C6AAB6B49}.Release|Any CPU.ActiveCfg = Release|Any CPU
		{0CAA43B3-5B99-4C1C-BBDF-1F0C6AAB6B49}.Release|Any CPU.Build.0 = Release|Any CPU
		{03A5D2C2-75DF-4884-B9B9-89CC778795D1}.Debug|Any CPU.ActiveCfg = Debug|Any CPU
		{03A5D2C2-75DF-4884-B9B9-89CC778795D1}.Debug|Any CPU.Build.0 = Debug|Any CPU
		{03A5D2C2-75DF-4884-B9B9-89CC778795D1}.Release|Any CPU.ActiveCfg = Release|Any CPU
		{03A5D2C2-75DF-4884-B9B9-89CC778795D1}.Release|Any CPU.Build.0 = Release|Any CPU
	EndGlobalSection
	GlobalSection(SolutionProperties) = preSolution
		HideSolutionNode = FALSE
	EndGlobalSection
	GlobalSection(ExtensibilityGlobals) = postSolution
		SolutionGuid = {5FF4C5DC-2ED4-4E37-8873-D282DA1D554E}
	EndGlobalSection
EndGlobal
